
Microsoft Visual Studio Solution File, Format Version 12.00
# Visual Studio Version 16
VisualStudioVersion = 16.0.29709.97
MinimumVisualStudioVersion = 10.0.40219.1
Project("{FAE04EC0-301F-11D3-BF4B-00C04F79EFBC}") = "Padoca", "Padoca\Padoca.csproj", "{2DFE1F4D-568C-427F-82C6-1F891E9251FD}"
EndProject
Global
	GlobalSection(SolutionConfigurationPlatforms) = preSolution
		Debug|Any CPU = Debug|Any CPU
		Release|Any CPU = Release|Any CPU
	EndGlobalSection
	GlobalSection(ProjectConfigurationPlatforms) = postSolution
		{2DFE1F4D-568C-427F-82C6-1F891E9251FD}.Debug|Any CPU.ActiveCfg = Debug|Any CPU
		{2DFE1F4D-568C-427F-82C6-1F891E9251FD}.Debug|Any CPU.Build.0 = Debug|Any CPU
		{2DFE1F4D-568C-427F-82C6-1F891E9251FD}.Release|Any CPU.ActiveCfg = Release|Any CPU
		{2DFE1F4D-568C-427F-82C6-1F891E9251FD}.Release|Any CPU.Build.0 = Release|Any CPU
	EndGlobalSection
	GlobalSection(SolutionProperties) = preSolution
		HideSolutionNode = FALSE
	EndGlobalSection
	GlobalSection(ExtensibilityGlobals) = postSolution
		SolutionGuid = {EA33781D-F3F8-4138-80F5-A3E16F0DD230}
	EndGlobalSection
EndGlobal
