
Microsoft Visual Studio Solution File, Format Version 12.00
# Visual Studio Version 16
VisualStudioVersion = 16.0.29709.97
MinimumVisualStudioVersion = 10.0.40219.1
Project("{FAE04EC0-301F-11D3-BF4B-00C04F79EFBC}") = "GamesMania", "GamesMania\GamesMania.csproj", "{D83EF041-302D-41AA-B783-8DA59D6B2DF9}"
EndProject
Global
	GlobalSection(SolutionConfigurationPlatforms) = preSolution
		Debug|Any CPU = Debug|Any CPU
		Release|Any CPU = Release|Any CPU
	EndGlobalSection
	GlobalSection(ProjectConfigurationPlatforms) = postSolution
		{D83EF041-302D-41AA-B783-8DA59D6B2DF9}.Debug|Any CPU.ActiveCfg = Debug|Any CPU
		{D83EF041-302D-41AA-B783-8DA59D6B2DF9}.Debug|Any CPU.Build.0 = Debug|Any CPU
		{D83EF041-302D-41AA-B783-8DA59D6B2DF9}.Release|Any CPU.ActiveCfg = Release|Any CPU
		{D83EF041-302D-41AA-B783-8DA59D6B2DF9}.Release|Any CPU.Build.0 = Release|Any CPU
	EndGlobalSection
	GlobalSection(SolutionProperties) = preSolution
		HideSolutionNode = FALSE
	EndGlobalSection
	GlobalSection(ExtensibilityGlobals) = postSolution
		SolutionGuid = {8EB59523-12D1-40C7-A421-9FA373C9F4F3}
	EndGlobalSection
EndGlobal
